{
  "name": "rail-backend",
  "version": "1.0.0",
  "lockfileVersion": 3,
  "requires": true,
  "packages": {
    "": {
      "name": "rail-backend",
      "version": "1.0.0",
      "private": true,
      "type": "module",
      "dependencies": {
        "cors": "^2.8.5",
        "exceljs": "^4.4.0",
        "express": "^4.19.2",
        "multer": "^1.4.5-lts.1",
        "pg": "^8.12.0",
        "qrcode": "^1.5.4",
        "socket.io": "^4.7.5",
        "xlsx": "^0.18.5"
      },
      "engines": {
        "node": ">=18.18"
      }
    }
  },
  "dependencies": {
    "cors": {
      "version": "2.8.5",
      "resolved": "https://registry.npmjs.org/cors/-/cors-2.8.5.tgz",
      "integrity": "sha512-KhZTn5d0k9Wh28d1lzL7eYzTsu9ZFmZRM+T1eHxe8kwSMLsH2v3XuvLx6vUvVnDB3aQavpP5VbOVk4hTb4v3MQ=="
    },
    "exceljs": {
      "version": "4.4.0",
      "resolved": "https://registry.npmjs.org/exceljs/-/exceljs-4.4.0.tgz",
      "integrity": "sha512-dvBq7UJhqHRRkZkAM6TSTkbAXv8e1Fq3nT8QZHwGBWstqZP+fUblWrMZsvCdMZQFXC/xQDLHsxMb43wb3CDfWg=="
    },
    "express": {
      "version": "4.19.2",
      "resolved": "https://registry.npmjs.org/express/-/express-4.19.2.tgz",
      "integrity": "sha512-Ug8TybkFh6V1hFq6rFWR1csyxE5UcvjbZK0UxDFA19QO3kTxXdz3vnBPEomWAKd5FkM+TbFjM/XY/fK5cO1CqQ=="
    },
    "multer": {
      "version": "1.4.5-lts.1",
      "resolved": "https://registry.npmjs.org/multer/-/multer-1.4.5-lts.1.tgz",
      "integrity": "sha512-ydtJuwbYTbSLGJxzFZIQXRkOlmr5I5bZLZ/yZ8UHi4hVbY6IUVzI0Wn3X3hfY0MQKwC2JW4nL7qkE8EYJzjFYw=="
    },
    "pg": {
      "version": "8.12.0",
      "resolved": "https://registry.npmjs.org/pg/-/pg-8.12.0.tgz",
      "integrity": "sha512-nD3EGqgwA1gxoXq5y/k2XGmSOnkkI+cvCxy3MT1WjB0cc2QpTVU4fZOSbSpAFzM+H9wT6j9Q5e2v9eQH6QKDnA=="
    },
    "qrcode": {
      "version": "1.5.4",
      "resolved": "https://registry.npmjs.org/qrcode/-/qrcode-1.5.4.tgz",
      "integrity": "sha512-Xd8nCw7q7+4gKZ82QJ8PZTrU+TStD4O0aJ+1DQI6vDGhMOKguHQix4oBTmWb3c5FuK7b84G5Bh2tzxGpgSw2tw=="
    },
    "socket.io": {
      "version": "4.7.5",
      "resolved": "https://registry.npmjs.org/socket.io/-/socket.io-4.7.5.tgz",
      "integrity": "sha512-4K+FwVxjVD1T80Up7zVr3MPzASfXgo4cArzjVNEPYDl5IN3vnCmwOqMPNugvR+0C9Rufqbg4YysE52jGh4Y47A=="
    },
    "xlsx": {
      "version": "0.18.5",
      "resolved": "https://registry.npmjs.org/xlsx/-/xlsx-0.18.5.tgz",
      "integrity": "sha512-qOdzCn3p2xqYtCJv+2vQENnKKyZ0vZzU1G7EZoXEfcnThbqvJ3W8fmnTbm8gxJc4zT2hClhE8t8A+FiU8Ww8PQ=="
    }
  }
}
